// !$*UTF8*$!
{
	archiveVersion = 1;
	classes = {
	};
	objectVersion = 46;
	objects = {

/* Begin PBXBuildFile section */
		6A38C3381EBFD0210009D996 /* FindNumber.m in Sources */ = {isa = PBXBuildFile; fileRef = 6A38C3371EBFD0210009D996 /* FindNumber.m */; };
		6AAF69351EB6BB8D001C0638 /* main.m in Sources */ = {isa = PBXBuildFile; fileRef = 6AAF69341EB6BB8D001C0638 /* main.m */; };
/* End PBXBuildFile section */

/* Begin PBXCopyFilesBuildPhase section */
		6AAF692F1EB6BB8D001C0638 /* CopyFiles */ = {
			isa = PBXCopyFilesBuildPhase;
			buildActionMask = 2147483647;
			dstPath = /usr/share/man/man1/;
			dstSubfolderSpec = 0;
			files = (
			);
			runOnlyForDeploymentPostprocessing = 1;
		};
/* End PBXCopyFilesBuildPhase section */

/* Begin PBXFileReference section */
		6A38C3361EBFD0210009D996 /* FindNumber.h */ = {isa = PBXFileReference; fileEncoding = 4; lastKnownFileType = sourcecode.c.h; path = FindNumber.h; sourceTree = "<group>"; };
		6A38C3371EBFD0210009D996 /* FindNumber.m */ = {isa = PBXFileReference; fileEncoding = 4; lastKnownFileType = sourcecode.c.objc; path = FindNumber.m; sourceTree = "<group>"; };
		6AAF69311EB6BB8D001C0638 /* Assignment 4: Largest Number in Array */ = {isa = PBXFileReference; explicitFileType = "compiled.mach-o.executable"; includeInIndex = 0; path = "Assignment 4: Largest Number in Array"; sourceTree = BUILT_PRODUCTS_DIR; };
		6AAF69341EB6BB8D001C0638 /* main.m */ = {isa = PBXFileReference; lastKnownFileType = sourcecode.c.objc; path = main.m; sourceTree = "<group>"; };
/* End PBXFileReference section */

/* Begin PBXFrameworksBuildPhase section */
		6AAF692E1EB6BB8D001C0638 /* Frameworks */ = {
			isa = PBXFrameworksBuildPhase;
			buildActionMask = 2147483647;
			files = (
			);
			runOnlyForDeploymentPostprocessing = 0;
		};
/* End PBXFrameworksBuildPhase section */

/* Begin PBXGroup section */
		6AAF69281EB6BB8D001C0638 = {
			isa = PBXGroup;
			children = (
				6AAF69331EB6BB8D001C0638 /* Assignment 4: Largest Number in Array */,
				6AAF69321EB6BB8D001C0638 /* Products */,
			);
			sourceTree = "<group>";
		};
		6AAF69321EB6BB8D001C0638 /* Products */ = {
			isa = PBXGroup;
			children = (
				6AAF69311EB6BB8D001C0638 /* Assignment 4: Largest Number in Array */,
			);
			name = Products;
			sourceTree = "<group>";
		};
		6AAF69331EB6BB8D001C0638 /* Assignment 4: Largest Number in Array */ = {
			isa = PBXGroup;
			children = (
				6AAF69341EB6BB8D001C0638 /* main.m */,
				6A38C3361EBFD0210009D996 /* FindNumber.h */,
				6A38C3371EBFD0210009D996 /* FindNumber.m */,
			);
			path = "Assignment 4: Largest Number in Array";
			sourceTree = "<group>";
		};
/* End PBXGroup section */

/* Begin PBXNativeTarget section */
		6AAF69301EB6BB8D001C0638 /* Assignment 4: Largest Number in Array */ = {
			isa = PBXNativeTarget;
			buildConfigurationList = 6AAF69381EB6BB8D001C0638 /* Build configuration list for PBXNativeTarget "Assignment 4: Largest Number in Array" */;
			buildPhases = (
				6AAF692D1EB6BB8D001C0638 /* Sources */,
				6AAF692E1EB6BB8D001C0638 /* Frameworks */,
				6AAF692F1EB6BB8D001C0638 /* CopyFiles */,
			);
			buildRules = (
			);
			dependencies = (
			);
			name = "Assignment 4: Largest Number in Array";
			productName = "Assignment 4: Largest Number in Array";
			productReference = 6AAF69311EB6BB8D001C0638 /* Assignment 4: Largest Number in Array */;
			productType = "com.apple.product-type.tool";
		};
/* End PBXNativeTarget section */

/* Begin PBXProject section */
		6AAF69291EB6BB8D001C0638 /* Project object */ = {
			isa = PBXProject;
			attributes = {
				LastUpgradeCheck = 0830;
				ORGANIZATIONNAME = "Elle Ti";
				TargetAttributes = {
					6AAF69301EB6BB8D001C0638 = {
						CreatedOnToolsVersion = 8.3.2;
						ProvisioningStyle = Automatic;
					};
				};
			};
			buildConfigurationList = 6AAF692C1EB6BB8D001C0638 /* Build configuration list for PBXProject "Assignment 4: Largest Number in Array" */;
			compatibilityVersion = "Xcode 3.2";
			developmentRegion = English;
			hasScannedForEncodings = 0;
			knownRegions = (
				en,
			);
			mainGroup = 6AAF69281EB6BB8D001C0638;
			productRefGroup = 6AAF69321EB6BB8D001C0638 /* Products */;
			projectDirPath = "";
			projectRoot = "";
			targets = (
				6AAF69301EB6BB8D001C0638 /* Assignment 4: Largest Number in Array */,
			);
		};
/* End PBXProject section */

/* Begin PBXSourcesBuildPhase section */
		6AAF692D1EB6BB8D001C0638 /* Sources */ = {
			isa = PBXSourcesBuildPhase;
			buildActionMask = 2147483647;
			files = (
				6AAF69351EB6BB8D001C0638 /* main.m in Sources */,
				6A38C3381EBFD0210009D996 /* FindNumber.m in Sources */,
			);
			runOnlyForDeploymentPostprocessing = 0;
		};
/* End PBXSourcesBuildPhase section */

/* Begin XCBuildConfiguration section */
		6AAF69361EB6BB8D001C0638 /* Debug */ = {
			isa = XCBuildConfiguration;
			buildSettings = {
				ALWAYS_SEARCH_USER_PATHS = NO;
				CLANG_ANALYZER_NONNULL = YES;
				CLANG_ANALYZER_NUMBER_OBJECT_CONVERSION = YES_AGGRESSIVE;
				CLANG_CXX_LANGUAGE_STANDARD = "gnu++0x";
				CLANG_CXX_LIBRARY = "libc++";
				CLANG_ENABLE_MODULES = YES;
				CLANG_ENABLE_OBJC_ARC = YES;
				CLANG_WARN_BOOL_CONVERSION = YES;
				CLANG_WARN_CONSTANT_CONVERSION = YES;
				CLANG_WARN_DIRECT_OBJC_ISA_USAGE = YES_ERROR;
				CLANG_WARN_DOCUMENTATION_COMMENTS = YES;
				CLANG_WARN_EMPTY_BODY = YES;
				CLANG_WARN_ENUM_CONVERSION = YES;
				CLANG_WARN_INFINITE_RECURSION = YES;
				CLANG_WARN_INT_CONVERSION = YES;
				CLANG_WARN_OBJC_ROOT_CLASS = YES_ERROR;
				CLANG_WARN_SUSPICIOUS_MOVE = YES;
				CLANG_WARN_UNREACHABLE_CODE = YES;
				CLANG_WARN__DUPLICATE_METHOD_MATCH = YES;
				CODE_SIGN_IDENTITY = "-";
				COPY_PHASE_STRIP = NO;
				DEBUG_INFORMATION_FORMAT = dwarf;
				ENABLE_STRICT_OBJC_MSGSEND = YES;
				ENABLE_TESTABILITY = YES;
				GCC_C_LANGUAGE_STANDARD = gnu99;
				GCC_DYNAMIC_NO_PIC = NO;
				GCC_NO_COMMON_BLOCKS = YES;
				GCC_OPTIMIZATION_LEVEL = 0;
				GCC_PREPROCESSOR_DEFINITIONS = (
					"DEBUG=1",
					"$(inherited)",
				);
				GCC_WARN_64_TO_32_BIT_CONVERSION = YES;
				GCC_WARN_ABOUT_RETURN_TYPE = YES_ERROR;
				GCC_WARN_UNDECLARED_SELECTOR = YES;
				GCC_WARN_UNINITIALIZED_AUTOS = YES_AGGRESSIVE;
				GCC_WARN_UNUSED_FUNCTION = YES;
				GCC_WARN_UNUSED_VARIABLE = YES;
				MACOSX_DEPLOYMENT_TARGET = 10.12;
				MTL_ENABLE_DEBUG_INFO = YES;
				ONLY_ACTIVE_ARCH = YES;
				SDKROOT = macosx;
			};
			name = Debug;
		};
		6AAF69371EB6BB8D001C0638 /* Release */ = {
			isa = XCBuildConfiguration;
			buildSettings = {
				ALWAYS_SEARCH_USER_PATHS = NO;
				CLANG_ANALYZER_NONNULL = YES;
				CLANG_ANALYZER_NUMBER_OBJECT_CONVERSION = YES_AGGRESSIVE;
				CLANG_CXX_LANGUAGE_STANDARD = "gnu++0x";
				CLANG_CXX_LIBRARY = "libc++";
				CLANG_ENABLE_MODULES = YES;
				CLANG_ENABLE_OBJC_ARC = YES;
				CLANG_WARN_BOOL_CONVERSION = YES;
				CLANG_WARN_CONSTANT_CONVERSION = YES;
				CLANG_WARN_DIRECT_OBJC_ISA_USAGE = YES_ERROR;
				CLANG_WARN_DOCUMENTATION_COMMENTS = YES;
				CLANG_WARN_EMPTY_BODY = YES;
				CLANG_WARN_ENUM_CONVERSION = YES;
				CLANG_WARN_INFINITE_RECURSION = YES;
				CLANG_WARN_INT_CONVERSION = YES;
				CLANG_WARN_OBJC_ROOT_CLASS = YES_ERROR;
				CLANG_WARN_SUSPICIOUS_MOVE = YES;
				CLANG_WARN_UNREACHABLE_CODE = YES;
				CLANG_WARN__DUPLICATE_METHOD_MATCH = YES;
				CODE_SIGN_IDENTITY = "-";
				COPY_PHASE_STRIP = NO;
				DEBUG_INFORMATION_FORMAT = "dwarf-with-dsym";
				ENABLE_NS_ASSERTIONS = NO;
				ENABLE_STRICT_OBJC_MSGSEND = YES;
				GCC_C_LANGUAGE_STANDARD = gnu99;
				GCC_NO_COMMON_BLOCKS = YES;
				GCC_WARN_64_TO_32_BIT_CONVERSION = YES;
				GCC_WARN_ABOUT_RETURN_TYPE = YES_ERROR;
				GCC_WARN_UNDECLARED_SELECTOR = YES;
				GCC_WARN_UNINITIALIZED_AUTOS = YES_AGGRESSIVE;
				GCC_WARN_UNUSED_FUNCTION = YES;
				GCC_WARN_UNUSED_VARIABLE = YES;
				MACOSX_DEPLOYMENT_TARGET = 10.12;
				MTL_ENABLE_DEBUG_INFO = NO;
				SDKROOT = macosx;
			};
			name = Release;
		};
		6AAF69391EB6BB8D001C0638 /* Debug */ = {
			isa = XCBuildConfiguration;
			buildSettings = {
				PRODUCT_NAME = "$(TARGET_NAME)";
			};
			name = Debug;
		};
		6AAF693A1EB6BB8D001C0638 /* Release */ = {
			isa = XCBuildConfiguration;
			buildSettings = {
				PRODUCT_NAME = "$(TARGET_NAME)";
			};
			name = Release;
		};
/* End XCBuildConfiguration section */

/* Begin XCConfigurationList section */
		6AAF692C1EB6BB8D001C0638 /* Build configuration list for PBXProject "Assignment 4: Largest Number in Array" */ = {
			isa = XCConfigurationList;
			buildConfigurations = (
				6AAF69361EB6BB8D001C0638 /* Debug */,
				6AAF69371EB6BB8D001C0638 /* Release */,
			);
			defaultConfigurationIsVisible = 0;
			defaultConfigurationName = Release;
		};
		6AAF69381EB6BB8D001C0638 /* Build configuration list for PBXNativeTarget "Assignment 4: Largest Number in Array" */ = {
			isa = XCConfigurationList;
			buildConfigurations = (
				6AAF69391EB6BB8D001C0638 /* Debug */,
				6AAF693A1EB6BB8D001C0638 /* Release */,
			);
			defaultConfigurationIsVisible = 0;
			defaultConfigurationName = Release;
		};
/* End XCConfigurationList section */
	};
	rootObject = 6AAF69291EB6BB8D001C0638 /* Project object */;
}
